
Microsoft Visual Studio Solution File, Format Version 12.00
# Visual Studio 14
VisualStudioVersion = 14.0.25420.1
MinimumVisualStudioVersion = 10.0.40219.1
Project("{FAE04EC0-301F-11D3-BF4B-00C04F79EFBC}") = "HRMSystem", "HRMSystem\HRMSystem.csproj", "{8E71E899-2CC4-4A4A-9212-F69AF3235D91}"
EndProject
Project("{FAE04EC0-301F-11D3-BF4B-00C04F79EFBC}") = "HrmsObjects", "HrmsObjects\HrmsObjects.csproj", "{DBFF0F70-A638-4065-BE26-11223E285304}"
EndProject
Project("{FAE04EC0-301F-11D3-BF4B-00C04F79EFBC}") = "HrmsLibrary", "HrmsLibrary\HrmsLibrary.csproj", "{49B6EDFD-064B-4927-8CD2-FDABC0DD74FC}"
EndProject
Global
	GlobalSection(SolutionConfigurationPlatforms) = preSolution
		Debug|Any CPU = Debug|Any CPU
		Release|Any CPU = Release|Any CPU
	EndGlobalSection
	GlobalSection(ProjectConfigurationPlatforms) = postSolution
		{8E71E899-2CC4-4A4A-9212-F69AF3235D91}.Debug|Any CPU.ActiveCfg = Debug|Any CPU
		{8E71E899-2CC4-4A4A-9212-F69AF3235D91}.Debug|Any CPU.Build.0 = Debug|Any CPU
		{8E71E899-2CC4-4A4A-9212-F69AF3235D91}.Release|Any CPU.ActiveCfg = Release|Any CPU
		{8E71E899-2CC4-4A4A-9212-F69AF3235D91}.Release|Any CPU.Build.0 = Release|Any CPU
		{DBFF0F70-A638-4065-BE26-11223E285304}.Debug|Any CPU.ActiveCfg = Debug|Any CPU
		{DBFF0F70-A638-4065-BE26-11223E285304}.Debug|Any CPU.Build.0 = Debug|Any CPU
		{DBFF0F70-A638-4065-BE26-11223E285304}.Release|Any CPU.ActiveCfg = Release|Any CPU
		{DBFF0F70-A638-4065-BE26-11223E285304}.Release|Any CPU.Build.0 = Release|Any CPU
		{49B6EDFD-064B-4927-8CD2-FDABC0DD74FC}.Debug|Any CPU.ActiveCfg = Debug|Any CPU
		{49B6EDFD-064B-4927-8CD2-FDABC0DD74FC}.Debug|Any CPU.Build.0 = Debug|Any CPU
		{49B6EDFD-064B-4927-8CD2-FDABC0DD74FC}.Release|Any CPU.ActiveCfg = Release|Any CPU
		{49B6EDFD-064B-4927-8CD2-FDABC0DD74FC}.Release|Any CPU.Build.0 = Release|Any CPU
	EndGlobalSection
	GlobalSection(SolutionProperties) = preSolution
		HideSolutionNode = FALSE
	EndGlobalSection
EndGlobal
